
Microsoft Visual Studio Solution File, Format Version 12.00
# Visual Studio Version 17
VisualStudioVersion = 17.2.32630.192
MinimumVisualStudioVersion = 10.0.40219.1
Project("{FAE04EC0-301F-11D3-BF4B-00C04F79EFBC}") = "Template", "Template\Template.csproj", "{D93CAD97-DCA5-439C-91A4-AC995A4F56DD}"
EndProject
Project("{2150E333-8FDC-42A3-9474-1A3956D46DE8}") = "1-Web", "1-Web", "{F478D885-30E2-4F30-9D16-9D1384180E66}"
EndProject
Project("{2150E333-8FDC-42A3-9474-1A3956D46DE8}") = "2-Aplication", "2-Aplication", "{C0AC03D2-EAD7-42AF-A19A-81527DEA6642}"
EndProject
Project("{2150E333-8FDC-42A3-9474-1A3956D46DE8}") = "3-Domain", "3-Domain", "{5E33DDE4-12F1-4D50-B8B3-A7206C7DFCDD}"
EndProject
Project("{2150E333-8FDC-42A3-9474-1A3956D46DE8}") = "4-Infra", "4-Infra", "{350592D5-0F3F-4282-9A1A-6192FC9CEB33}"
EndProject
Project("{FAE04EC0-301F-11D3-BF4B-00C04F79EFBC}") = "Template.Application", "Template.Application\Template.Application.csproj", "{48EC42CE-ECF7-412E-90E4-869B266CE3A1}"
EndProject
Project("{FAE04EC0-301F-11D3-BF4B-00C04F79EFBC}") = "Template.Domain", "Template.Domain\Template.Domain.csproj", "{EF274A68-46ED-4FCC-BA5E-962F98729ACF}"
EndProject
Project("{2150E333-8FDC-42A3-9474-1A3956D46DE8}") = "4.1-Data", "4.1-Data", "{3CD2A0DC-E8A4-4857-A25E-866832289864}"
EndProject
Project("{2150E333-8FDC-42A3-9474-1A3956D46DE8}") = "4.2-CrossCutting", "4.2-CrossCutting", "{4C4F5D72-C85B-43C7-B433-816E45CE4BF7}"
EndProject
Project("{FAE04EC0-301F-11D3-BF4B-00C04F79EFBC}") = "Template.Data", "Template.Data\Template.Data.csproj", "{BF1CE7E5-B1A3-48D3-B5A8-B39D5C5BF01D}"
EndProject
Project("{FAE04EC0-301F-11D3-BF4B-00C04F79EFBC}") = "Template.CrosscCutting", "Template.CrosscCutting\Template.CrosscCutting.csproj", "{AE0AF136-5100-4A91-81E6-4E24921372E7}"
EndProject
Global
	GlobalSection(SolutionConfigurationPlatforms) = preSolution
		Debug|Any CPU = Debug|Any CPU
		Release|Any CPU = Release|Any CPU
	EndGlobalSection
	GlobalSection(ProjectConfigurationPlatforms) = postSolution
		{D93CAD97-DCA5-439C-91A4-AC995A4F56DD}.Debug|Any CPU.ActiveCfg = Debug|Any CPU
		{D93CAD97-DCA5-439C-91A4-AC995A4F56DD}.Debug|Any CPU.Build.0 = Debug|Any CPU
		{D93CAD97-DCA5-439C-91A4-AC995A4F56DD}.Release|Any CPU.ActiveCfg = Release|Any CPU
		{D93CAD97-DCA5-439C-91A4-AC995A4F56DD}.Release|Any CPU.Build.0 = Release|Any CPU
		{48EC42CE-ECF7-412E-90E4-869B266CE3A1}.Debug|Any CPU.ActiveCfg = Debug|Any CPU
		{48EC42CE-ECF7-412E-90E4-869B266CE3A1}.Debug|Any CPU.Build.0 = Debug|Any CPU
		{48EC42CE-ECF7-412E-90E4-869B266CE3A1}.Release|Any CPU.ActiveCfg = Release|Any CPU
		{48EC42CE-ECF7-412E-90E4-869B266CE3A1}.Release|Any CPU.Build.0 = Release|Any CPU
		{EF274A68-46ED-4FCC-BA5E-962F98729ACF}.Debug|Any CPU.ActiveCfg = Debug|Any CPU
		{EF274A68-46ED-4FCC-BA5E-962F98729ACF}.Debug|Any CPU.Build.0 = Debug|Any CPU
		{EF274A68-46ED-4FCC-BA5E-962F98729ACF}.Release|Any CPU.ActiveCfg = Release|Any CPU
		{EF274A68-46ED-4FCC-BA5E-962F98729ACF}.Release|Any CPU.Build.0 = Release|Any CPU
		{BF1CE7E5-B1A3-48D3-B5A8-B39D5C5BF01D}.Debug|Any CPU.ActiveCfg = Debug|Any CPU
		{BF1CE7E5-B1A3-48D3-B5A8-B39D5C5BF01D}.Debug|Any CPU.Build.0 = Debug|Any CPU
		{BF1CE7E5-B1A3-48D3-B5A8-B39D5C5BF01D}.Release|Any CPU.ActiveCfg = Release|Any CPU
		{BF1CE7E5-B1A3-48D3-B5A8-B39D5C5BF01D}.Release|Any CPU.Build.0 = Release|Any CPU
		{AE0AF136-5100-4A91-81E6-4E24921372E7}.Debug|Any CPU.ActiveCfg = Debug|Any CPU
		{AE0AF136-5100-4A91-81E6-4E24921372E7}.Debug|Any CPU.Build.0 = Debug|Any CPU
		{AE0AF136-5100-4A91-81E6-4E24921372E7}.Release|Any CPU.ActiveCfg = Release|Any CPU
		{AE0AF136-5100-4A91-81E6-4E24921372E7}.Release|Any CPU.Build.0 = Release|Any CPU
	EndGlobalSection
	GlobalSection(SolutionProperties) = preSolution
		HideSolutionNode = FALSE
	EndGlobalSection
	GlobalSection(NestedProjects) = preSolution
		{D93CAD97-DCA5-439C-91A4-AC995A4F56DD} = {F478D885-30E2-4F30-9D16-9D1384180E66}
		{48EC42CE-ECF7-412E-90E4-869B266CE3A1} = {C0AC03D2-EAD7-42AF-A19A-81527DEA6642}
		{EF274A68-46ED-4FCC-BA5E-962F98729ACF} = {5E33DDE4-12F1-4D50-B8B3-A7206C7DFCDD}
		{3CD2A0DC-E8A4-4857-A25E-866832289864} = {350592D5-0F3F-4282-9A1A-6192FC9CEB33}
		{4C4F5D72-C85B-43C7-B433-816E45CE4BF7} = {350592D5-0F3F-4282-9A1A-6192FC9CEB33}
		{BF1CE7E5-B1A3-48D3-B5A8-B39D5C5BF01D} = {3CD2A0DC-E8A4-4857-A25E-866832289864}
		{AE0AF136-5100-4A91-81E6-4E24921372E7} = {4C4F5D72-C85B-43C7-B433-816E45CE4BF7}
	EndGlobalSection
	GlobalSection(ExtensibilityGlobals) = postSolution
		SolutionGuid = {F7F546CF-166F-40F6-934B-146DA3B45F55}
	EndGlobalSection
EndGlobal
